
Microsoft Visual Studio Solution File, Format Version 12.00
# Visual Studio 14
VisualStudioVersion = 14.0.25402.0
MinimumVisualStudioVersion = 10.0.40219.1
Project("{2150E333-8FDC-42A3-9474-1A3956D46DE8}") = "Projects", "Projects", "{9252B1AE-31A9-47A2-A8F5-82489A74EAA8}"
EndProject
Project("{2150E333-8FDC-42A3-9474-1A3956D46DE8}") = "Tests", "Tests", "{8A636113-5D27-43DF-A291-5B66EB1DA71F}"
EndProject
Project("{FAE04EC0-301F-11D3-BF4B-00C04F79EFBC}") = "Architecture3.WebApi", "Projects\Architecture3.WebApi\Architecture3.WebApi.csproj", "{CFD858E7-4A1B-423B-8DFA-E68D0CD4E6EC}"
EndProject
Global
	GlobalSection(SolutionConfigurationPlatforms) = preSolution
		Debug|Any CPU = Debug|Any CPU
		Release|Any CPU = Release|Any CPU
	EndGlobalSection
	GlobalSection(ProjectConfigurationPlatforms) = postSolution
		{CFD858E7-4A1B-423B-8DFA-E68D0CD4E6EC}.Debug|Any CPU.ActiveCfg = Debug|Any CPU
		{CFD858E7-4A1B-423B-8DFA-E68D0CD4E6EC}.Debug|Any CPU.Build.0 = Debug|Any CPU
		{CFD858E7-4A1B-423B-8DFA-E68D0CD4E6EC}.Release|Any CPU.ActiveCfg = Release|Any CPU
		{CFD858E7-4A1B-423B-8DFA-E68D0CD4E6EC}.Release|Any CPU.Build.0 = Release|Any CPU
	EndGlobalSection
	GlobalSection(SolutionProperties) = preSolution
		HideSolutionNode = FALSE
	EndGlobalSection
	GlobalSection(NestedProjects) = preSolution
		{CFD858E7-4A1B-423B-8DFA-E68D0CD4E6EC} = {9252B1AE-31A9-47A2-A8F5-82489A74EAA8}
	EndGlobalSection
EndGlobal
